
Microsoft Visual Studio Solution File, Format Version 12.00
# Visual Studio Version 17
VisualStudioVersion = 17.7.34009.444
MinimumVisualStudioVersion = 10.0.40219.1
Project("{FAE04EC0-301F-11D3-BF4B-00C04F79EFBC}") = "WebAPIClientCansole", "WebAPIClientCansole.csproj", "{831A3D87-06BF-46A8-A8C2-DB04B6C24BCC}"
EndProject
Global
	GlobalSection(SolutionConfigurationPlatforms) = preSolution
		Debug|Any CPU = Debug|Any CPU
		Release|Any CPU = Release|Any CPU
	EndGlobalSection
	GlobalSection(ProjectConfigurationPlatforms) = postSolution
		{831A3D87-06BF-46A8-A8C2-DB04B6C24BCC}.Debug|Any CPU.ActiveCfg = Debug|Any CPU
		{831A3D87-06BF-46A8-A8C2-DB04B6C24BCC}.Debug|Any CPU.Build.0 = Debug|Any CPU
		{831A3D87-06BF-46A8-A8C2-DB04B6C24BCC}.Release|Any CPU.ActiveCfg = Release|Any CPU
		{831A3D87-06BF-46A8-A8C2-DB04B6C24BCC}.Release|Any CPU.Build.0 = Release|Any CPU
	EndGlobalSection
	GlobalSection(SolutionProperties) = preSolution
		HideSolutionNode = FALSE
	EndGlobalSection
	GlobalSection(ExtensibilityGlobals) = postSolution
		SolutionGuid = {56612DFB-C05E-426C-8201-BCEF21E69854}
	EndGlobalSection
EndGlobal
